
Microsoft Visual Studio Solution File, Format Version 9.00
# Visual Studio 2005
Project("{8BC9CEB8-8B4A-11D0-8D11-00A0C91BC942}") = "chip8vm", "chip8vm\chip8vm.vcproj", "{5D0A20FE-A6B6-45D7-A560-D90CCA7EE248}"
EndProject
Project("{8BC9CEB8-8B4A-11D0-8D11-00A0C91BC942}") = "chip8asm", "chip8asm\chip8asm.vcproj", "{E7A06FFB-24BC-42B5-82D3-D1F319AE11EC}"
EndProject
Global
	GlobalSection(SolutionConfigurationPlatforms) = preSolution
		Debug|Win32 = Debug|Win32
		Release|Win32 = Release|Win32
	EndGlobalSection
	GlobalSection(ProjectConfigurationPlatforms) = postSolution
		{5D0A20FE-A6B6-45D7-A560-D90CCA7EE248}.Debug|Win32.ActiveCfg = Debug|Win32
		{5D0A20FE-A6B6-45D7-A560-D90CCA7EE248}.Debug|Win32.Build.0 = Debug|Win32
		{5D0A20FE-A6B6-45D7-A560-D90CCA7EE248}.Release|Win32.ActiveCfg = Release|Win32
		{5D0A20FE-A6B6-45D7-A560-D90CCA7EE248}.Release|Win32.Build.0 = Release|Win32
		{E7A06FFB-24BC-42B5-82D3-D1F319AE11EC}.Debug|Win32.ActiveCfg = Debug|Win32
		{E7A06FFB-24BC-42B5-82D3-D1F319AE11EC}.Debug|Win32.Build.0 = Debug|Win32
		{E7A06FFB-24BC-42B5-82D3-D1F319AE11EC}.Release|Win32.ActiveCfg = Release|Win32
		{E7A06FFB-24BC-42B5-82D3-D1F319AE11EC}.Release|Win32.Build.0 = Release|Win32
	EndGlobalSection
	GlobalSection(SolutionProperties) = preSolution
		HideSolutionNode = FALSE
	EndGlobalSection
EndGlobal
